
Microsoft Visual Studio Solution File, Format Version 12.00
# Visual Studio Version 16
VisualStudioVersion = 16.0.29613.14
MinimumVisualStudioVersion = 10.0.40219.1
Project("{FAE04EC0-301F-11D3-BF4B-00C04F79EFBC}") = "Versioning", "Versioning\Versioning.csproj", "{A784E35D-F9AF-45ED-A927-5AA176657287}"
EndProject
Global
	GlobalSection(SolutionConfigurationPlatforms) = preSolution
		Debug|Any CPU = Debug|Any CPU
		Release|Any CPU = Release|Any CPU
	EndGlobalSection
	GlobalSection(ProjectConfigurationPlatforms) = postSolution
		{A784E35D-F9AF-45ED-A927-5AA176657287}.Debug|Any CPU.ActiveCfg = Debug|Any CPU
		{A784E35D-F9AF-45ED-A927-5AA176657287}.Debug|Any CPU.Build.0 = Debug|Any CPU
		{A784E35D-F9AF-45ED-A927-5AA176657287}.Release|Any CPU.ActiveCfg = Release|Any CPU
		{A784E35D-F9AF-45ED-A927-5AA176657287}.Release|Any CPU.Build.0 = Release|Any CPU
	EndGlobalSection
	GlobalSection(SolutionProperties) = preSolution
		HideSolutionNode = FALSE
	EndGlobalSection
	GlobalSection(ExtensibilityGlobals) = postSolution
		SolutionGuid = {6F889255-75B5-4D7F-9732-C4FA7C28305D}
	EndGlobalSection
EndGlobal
