
Microsoft Visual Studio Solution File, Format Version 12.00
# Visual Studio Version 16
VisualStudioVersion = 16.0.29613.14
MinimumVisualStudioVersion = 10.0.40219.1
Project("{FAE04EC0-301F-11D3-BF4B-00C04F79EFBC}") = "Model1", "Model1\Model1.csproj", "{31BDB1C0-9BBA-43D9-9586-A7B5A04D5A61}"
EndProject
Global
	GlobalSection(SolutionConfigurationPlatforms) = preSolution
		Debug|Any CPU = Debug|Any CPU
		Release|Any CPU = Release|Any CPU
	EndGlobalSection
	GlobalSection(ProjectConfigurationPlatforms) = postSolution
		{31BDB1C0-9BBA-43D9-9586-A7B5A04D5A61}.Debug|Any CPU.ActiveCfg = Debug|Any CPU
		{31BDB1C0-9BBA-43D9-9586-A7B5A04D5A61}.Debug|Any CPU.Build.0 = Debug|Any CPU
		{31BDB1C0-9BBA-43D9-9586-A7B5A04D5A61}.Release|Any CPU.ActiveCfg = Release|Any CPU
		{31BDB1C0-9BBA-43D9-9586-A7B5A04D5A61}.Release|Any CPU.Build.0 = Release|Any CPU
	EndGlobalSection
	GlobalSection(SolutionProperties) = preSolution
		HideSolutionNode = FALSE
	EndGlobalSection
	GlobalSection(ExtensibilityGlobals) = postSolution
		SolutionGuid = {E7FDF62D-AD11-4FA1-952F-9BEDAD650AD8}
	EndGlobalSection
EndGlobal
