
Microsoft Visual Studio Solution File, Format Version 12.00
# Visual Studio Version 16
VisualStudioVersion = 16.0.29613.14
MinimumVisualStudioVersion = 10.0.40219.1
Project("{FAE04EC0-301F-11D3-BF4B-00C04F79EFBC}") = "EmailCore", "EmailCore\EmailCore.csproj", "{3B3BFD92-F86F-41B7-AA31-3D4A89352000}"
EndProject
Global
	GlobalSection(SolutionConfigurationPlatforms) = preSolution
		Debug|Any CPU = Debug|Any CPU
		Release|Any CPU = Release|Any CPU
	EndGlobalSection
	GlobalSection(ProjectConfigurationPlatforms) = postSolution
		{3B3BFD92-F86F-41B7-AA31-3D4A89352000}.Debug|Any CPU.ActiveCfg = Debug|Any CPU
		{3B3BFD92-F86F-41B7-AA31-3D4A89352000}.Debug|Any CPU.Build.0 = Debug|Any CPU
		{3B3BFD92-F86F-41B7-AA31-3D4A89352000}.Release|Any CPU.ActiveCfg = Release|Any CPU
		{3B3BFD92-F86F-41B7-AA31-3D4A89352000}.Release|Any CPU.Build.0 = Release|Any CPU
	EndGlobalSection
	GlobalSection(SolutionProperties) = preSolution
		HideSolutionNode = FALSE
	EndGlobalSection
	GlobalSection(ExtensibilityGlobals) = postSolution
		SolutionGuid = {B5E68B8E-ECD2-4539-AA6A-56FFE9D5B171}
	EndGlobalSection
EndGlobal
